{
  "lockfile_version": "1",
  "packages": {
    "firecracker@1.7.0": {
      "last_modified": "2024-07-31T08:48:38Z",
      "resolved": "github:NixOS/nixpkgs/c3392ad349a5227f4a3464dce87bcc5046692fce#firecracker",
      "source": "devbox-search",
      "version": "1.7.0",
      "systems": {
        "aarch64-linux": {
          "outputs": [
            {
              "name": "out",
              "path": "/nix/store/f6jnibhqvkr73d62n8hcmmcw2ayg6y52-firecracker-1.7.0",
              "default": true
            }
          ],
          "store_path": "/nix/store/f6jnibhqvkr73d62n8hcmmcw2ayg6y52-firecracker-1.7.0"
        },
        "x86_64-linux": {
          "outputs": [
            {
              "name": "out",
              "path": "/nix/store/zchhkmn3q05sw9awixxy1kv8f1ygaimn-firecracker-1.7.0",
              "default": true
            }
          ],
          "store_path": "/nix/store/zchhkmn3q05sw9awixxy1kv8f1ygaimn-firecracker-1.7.0"
        }
      }
    },
    "nodejs@22.4.1": {
      "last_modified": "2024-07-31T08:48:38Z",
      "plugin_version": "0.0.2",
      "resolved": "github:NixOS/nixpkgs/c3392ad349a5227f4a3464dce87bcc5046692fce#nodejs_22",
      "source": "devbox-search",
      "version": "22.4.1",
      "systems": {
        "aarch64-darwin": {
          "outputs": [
            {
              "name": "out",
              "path": "/nix/store/z5whjsr6cnqw0ycnylwxmibfr7cdwxrb-nodejs-22.4.1",
              "default": true
            },
            {
              "name": "libv8",
              "path": "/nix/store/vzhng0wwbm0r1p9rdq1kspm0j5b9x0va-nodejs-22.4.1-libv8"
            }
          ],
          "store_path": "/nix/store/z5whjsr6cnqw0ycnylwxmibfr7cdwxrb-nodejs-22.4.1"
        },
        "aarch64-linux": {
          "outputs": [
            {
              "name": "out",
              "path": "/nix/store/2c0qimdjslxal42s4m10zj95f9r11l4l-nodejs-22.4.1",
              "default": true
            },
            {
              "name": "libv8",
              "path": "/nix/store/aq9wvafy8svx7fgkm2w0yig3aqmkbqc8-nodejs-22.4.1-libv8"
            }
          ],
          "store_path": "/nix/store/2c0qimdjslxal42s4m10zj95f9r11l4l-nodejs-22.4.1"
        },
        "x86_64-darwin": {
          "outputs": [
            {
              "name": "out",
              "path": "/nix/store/5l6flz4fpax64nzivg2r815pvllj2dml-nodejs-22.4.1",
              "default": true
            },
            {
              "name": "libv8",
              "path": "/nix/store/5wwl7dh3xmnrah4f98713i93m43d02a5-nodejs-22.4.1-libv8"
            }
          ],
          "store_path": "/nix/store/5l6flz4fpax64nzivg2r815pvllj2dml-nodejs-22.4.1"
        },
        "x86_64-linux": {
          "outputs": [
            {
              "name": "out",
              "path": "/nix/store/w8rva81863ls2ic3qc72mdzpzm0skyrm-nodejs-22.4.1",
              "default": true
            },
            {
              "name": "libv8",
              "path": "/nix/store/93cvy69p4g2mrbjjkj5dxh8zin047nl5-nodejs-22.4.1-libv8"
            }
          ],
          "store_path": "/nix/store/w8rva81863ls2ic3qc72mdzpzm0skyrm-nodejs-22.4.1"
        }
      }
    },
    "rustc@1.79.0": {
      "last_modified": "2024-07-31T08:48:38Z",
      "plugin_version": "0.0.1",
      "resolved": "github:NixOS/nixpkgs/c3392ad349a5227f4a3464dce87bcc5046692fce#rustc",
      "source": "devbox-search",
      "version": "1.79.0",
      "systems": {
        "aarch64-darwin": {
          "outputs": [
            {
              "name": "out",
              "path": "/nix/store/w8s06ydzcxrvlrnh4slg9vlz0zlikg5d-rustc-wrapper-1.79.0",
              "default": true
            },
            {
              "name": "man",
              "path": "/nix/store/ih9v69wamqbk548dyfgjf1bww4znb7g1-rustc-wrapper-1.79.0-man",
              "default": true
            },
            {
              "name": "doc",
              "path": "/nix/store/q4gi61l1rm667rmwhc59v1pbpy7rmwi3-rustc-wrapper-1.79.0-doc"
            }
          ],
          "store_path": "/nix/store/w8s06ydzcxrvlrnh4slg9vlz0zlikg5d-rustc-wrapper-1.79.0"
        },
        "aarch64-linux": {
          "outputs": [
            {
              "name": "out",
              "path": "/nix/store/kj347lj8g1akxki88f4lg4z68dzllgwq-rustc-wrapper-1.79.0",
              "default": true
            },
            {
              "name": "man",
              "path": "/nix/store/i2yahhw29kb3kn5h4p3zgslyds26zkks-rustc-wrapper-1.79.0-man",
              "default": true
            },
            {
              "name": "doc",
              "path": "/nix/store/prlq6l4sgz3ydhwyvcc7kh711wgimnx9-rustc-wrapper-1.79.0-doc"
            }
          ],
          "store_path": "/nix/store/kj347lj8g1akxki88f4lg4z68dzllgwq-rustc-wrapper-1.79.0"
        },
        "x86_64-darwin": {
          "outputs": [
            {
              "name": "out",
              "path": "/nix/store/b4i6dzpsc86941sz7m1cgjfmnhzb0ma7-rustc-wrapper-1.79.0",
              "default": true
            },
            {
              "name": "man",
              "path": "/nix/store/apq22jix9klnvxjdn5s0pjgnbjv21zis-rustc-wrapper-1.79.0-man",
              "default": true
            },
            {
              "name": "doc",
              "path": "/nix/store/cpg037m1d5q0b977k8wxyg3dpkpgjp2l-rustc-wrapper-1.79.0-doc"
            }
          ],
          "store_path": "/nix/store/b4i6dzpsc86941sz7m1cgjfmnhzb0ma7-rustc-wrapper-1.79.0"
        },
        "x86_64-linux": {
          "outputs": [
            {
              "name": "out",
              "path": "/nix/store/bjlim8ikd7rysx0l737ryf90gif9pfqg-rustc-wrapper-1.79.0",
              "default": true
            },
            {
              "name": "man",
              "path": "/nix/store/bsnyiwd6g58735mgblc7p8wjnibvf3vl-rustc-wrapper-1.79.0-man",
              "default": true
            },
            {
              "name": "doc",
              "path": "/nix/store/920wdx62hyzhfh4ndmy4g7gn3jpvpil5-rustc-wrapper-1.79.0-doc"
            }
          ],
          "store_path": "/nix/store/bjlim8ikd7rysx0l737ryf90gif9pfqg-rustc-wrapper-1.79.0"
        }
      }
    }
  }
}
