{
  "lockfile_version": "1",
  "packages": {
    "firecracker@1.7.0": {
      "last_modified": "2024-07-31T08:48:38Z",
      "resolved": "github:NixOS/nixpkgs/c3392ad349a5227f4a3464dce87bcc5046692fce#firecracker",
      "source": "devbox-search",
      "version": "1.7.0",
      "systems": {
        "aarch64-linux": {
          "outputs": [
            {
              "name": "out",
              "path": "/nix/store/f6jnibhqvkr73d62n8hcmmcw2ayg6y52-firecracker-1.7.0",
              "default": true
            }
          ],
          "store_path": "/nix/store/f6jnibhqvkr73d62n8hcmmcw2ayg6y52-firecracker-1.7.0"
        },
        "x86_64-linux": {
          "outputs": [
            {
              "name": "out",
              "path": "/nix/store/zchhkmn3q05sw9awixxy1kv8f1ygaimn-firecracker-1.7.0",
              "default": true
            }
          ],
          "store_path": "/nix/store/zchhkmn3q05sw9awixxy1kv8f1ygaimn-firecracker-1.7.0"
        }
      }
    },
    "nodejs@22.4.1": {
      "last_modified": "2024-07-31T08:48:38Z",
      "plugin_version": "0.0.2",
      "resolved": "github:NixOS/nixpkgs/c3392ad349a5227f4a3464dce87bcc5046692fce#nodejs_22",
      "source": "devbox-search",
      "version": "22.4.1",
      "systems": {
        "aarch64-darwin": {
          "outputs": [
            {
              "name": "out",
              "path": "/nix/store/z5whjsr6cnqw0ycnylwxmibfr7cdwxrb-nodejs-22.4.1",
              "default": true
            },
            {
              "name": "libv8",
              "path": "/nix/store/vzhng0wwbm0r1p9rdq1kspm0j5b9x0va-nodejs-22.4.1-libv8"
            }
          ],
          "store_path": "/nix/store/z5whjsr6cnqw0ycnylwxmibfr7cdwxrb-nodejs-22.4.1"
        },
        "aarch64-linux": {
          "outputs": [
            {
              "name": "out",
              "path": "/nix/store/2c0qimdjslxal42s4m10zj95f9r11l4l-nodejs-22.4.1",
              "default": true
            },
            {
              "name": "libv8",
              "path": "/nix/store/aq9wvafy8svx7fgkm2w0yig3aqmkbqc8-nodejs-22.4.1-libv8"
            }
          ],
          "store_path": "/nix/store/2c0qimdjslxal42s4m10zj95f9r11l4l-nodejs-22.4.1"
        },
        "x86_64-darwin": {
          "outputs": [
            {
              "name": "out",
              "path": "/nix/store/5l6flz4fpax64nzivg2r815pvllj2dml-nodejs-22.4.1",
              "default": true
            },
            {
              "name": "libv8",
              "path": "/nix/store/5wwl7dh3xmnrah4f98713i93m43d02a5-nodejs-22.4.1-libv8"
            }
          ],
          "store_path": "/nix/store/5l6flz4fpax64nzivg2r815pvllj2dml-nodejs-22.4.1"
        },
        "x86_64-linux": {
          "outputs": [
            {
              "name": "out",
              "path": "/nix/store/w8rva81863ls2ic3qc72mdzpzm0skyrm-nodejs-22.4.1",
              "default": true
            },
            {
              "name": "libv8",
              "path": "/nix/store/93cvy69p4g2mrbjjkj5dxh8zin047nl5-nodejs-22.4.1-libv8"
            }
          ],
          "store_path": "/nix/store/w8rva81863ls2ic3qc72mdzpzm0skyrm-nodejs-22.4.1"
        }
      }
    },
    "postgresql@15.7": {
      "last_modified": "2024-08-04T20:22:49Z",
      "plugin_version": "0.0.2",
      "resolved": "github:NixOS/nixpkgs/785feb91183a50959823ff9ba9ef673105259cd5#postgresql",
      "source": "devbox-search",
      "version": "15.7",
      "systems": {
        "aarch64-darwin": {
          "outputs": [
            {
              "name": "out",
              "path": "/nix/store/j063gkab0kj312p0r5wlwh8hhs3ivmmv-postgresql-15.7",
              "default": true
            },
            {
              "name": "man",
              "path": "/nix/store/83zyb6qnvn85ilfb4g03yr8zjnc4kw5c-postgresql-15.7-man",
              "default": true
            },
            {
              "name": "doc",
              "path": "/nix/store/w98l40gkbw15cxjajs9wr9aaz1zqq8pv-postgresql-15.7-doc"
            },
            {
              "name": "lib",
              "path": "/nix/store/2lqmjj3nwingqsajwgwym4jjl1plqrxd-postgresql-15.7-lib"
            }
          ],
          "store_path": "/nix/store/j063gkab0kj312p0r5wlwh8hhs3ivmmv-postgresql-15.7"
        },
        "aarch64-linux": {
          "outputs": [
            {
              "name": "out",
              "path": "/nix/store/bm08f8k2gyndfq1mszvdm07jnmwr6nlf-postgresql-15.7",
              "default": true
            },
            {
              "name": "man",
              "path": "/nix/store/yd6qvs38zm55271230hfn4j0rd4029ca-postgresql-15.7-man",
              "default": true
            },
            {
              "name": "debug",
              "path": "/nix/store/m8kdahlx418v1x8pvbjja5zbl8ix4hff-postgresql-15.7-debug"
            },
            {
              "name": "doc",
              "path": "/nix/store/nw2ng4sh1vzih1rrfzlivd2c7ifh9zm2-postgresql-15.7-doc"
            },
            {
              "name": "lib",
              "path": "/nix/store/fvs07mhcygpwy41jhw34kq7ghlcnv4nf-postgresql-15.7-lib"
            }
          ],
          "store_path": "/nix/store/bm08f8k2gyndfq1mszvdm07jnmwr6nlf-postgresql-15.7"
        },
        "x86_64-darwin": {
          "outputs": [
            {
              "name": "out",
              "path": "/nix/store/qvhjnll3n3d1va7rxlh1yd348gqwy4v1-postgresql-15.7",
              "default": true
            },
            {
              "name": "man",
              "path": "/nix/store/5mmzk97ppd9b6m2239b4xkwc853116mf-postgresql-15.7-man",
              "default": true
            },
            {
              "name": "doc",
              "path": "/nix/store/jwp1aqs6fkbygfg9gpcx99lhc2dlalgc-postgresql-15.7-doc"
            },
            {
              "name": "lib",
              "path": "/nix/store/sngcqjdypd1bwxz6rs3hwy8jbjb9k690-postgresql-15.7-lib"
            }
          ],
          "store_path": "/nix/store/qvhjnll3n3d1va7rxlh1yd348gqwy4v1-postgresql-15.7"
        },
        "x86_64-linux": {
          "outputs": [
            {
              "name": "out",
              "path": "/nix/store/8gr5ybhmdkafii5idcg57p66nk1qd6sf-postgresql-15.7",
              "default": true
            },
            {
              "name": "man",
              "path": "/nix/store/0j6lskwq3imd8gdwy5rz9sjmn3c41qbc-postgresql-15.7-man",
              "default": true
            },
            {
              "name": "doc",
              "path": "/nix/store/01snq9n6ka7zkb4dp7k639mbb5p0v5qi-postgresql-15.7-doc"
            },
            {
              "name": "lib",
              "path": "/nix/store/9xj29q1wf5wazv63hn5dxlwsp8k3h5lc-postgresql-15.7-lib"
            },
            {
              "name": "debug",
              "path": "/nix/store/xw1fhj72fzrlkvapaf1spx19ixqm7394-postgresql-15.7-debug"
            }
          ],
          "store_path": "/nix/store/8gr5ybhmdkafii5idcg57p66nk1qd6sf-postgresql-15.7"
        }
      }
    },
    "rustc@1.79.0": {
      "last_modified": "2024-07-31T08:48:38Z",
      "plugin_version": "0.0.1",
      "resolved": "github:NixOS/nixpkgs/c3392ad349a5227f4a3464dce87bcc5046692fce#rustc",
      "source": "devbox-search",
      "version": "1.79.0",
      "systems": {
        "aarch64-darwin": {
          "outputs": [
            {
              "name": "out",
              "path": "/nix/store/w8s06ydzcxrvlrnh4slg9vlz0zlikg5d-rustc-wrapper-1.79.0",
              "default": true
            },
            {
              "name": "man",
              "path": "/nix/store/ih9v69wamqbk548dyfgjf1bww4znb7g1-rustc-wrapper-1.79.0-man",
              "default": true
            },
            {
              "name": "doc",
              "path": "/nix/store/q4gi61l1rm667rmwhc59v1pbpy7rmwi3-rustc-wrapper-1.79.0-doc"
            }
          ],
          "store_path": "/nix/store/w8s06ydzcxrvlrnh4slg9vlz0zlikg5d-rustc-wrapper-1.79.0"
        },
        "aarch64-linux": {
          "outputs": [
            {
              "name": "out",
              "path": "/nix/store/kj347lj8g1akxki88f4lg4z68dzllgwq-rustc-wrapper-1.79.0",
              "default": true
            },
            {
              "name": "man",
              "path": "/nix/store/i2yahhw29kb3kn5h4p3zgslyds26zkks-rustc-wrapper-1.79.0-man",
              "default": true
            },
            {
              "name": "doc",
              "path": "/nix/store/prlq6l4sgz3ydhwyvcc7kh711wgimnx9-rustc-wrapper-1.79.0-doc"
            }
          ],
          "store_path": "/nix/store/kj347lj8g1akxki88f4lg4z68dzllgwq-rustc-wrapper-1.79.0"
        },
        "x86_64-darwin": {
          "outputs": [
            {
              "name": "out",
              "path": "/nix/store/b4i6dzpsc86941sz7m1cgjfmnhzb0ma7-rustc-wrapper-1.79.0",
              "default": true
            },
            {
              "name": "man",
              "path": "/nix/store/apq22jix9klnvxjdn5s0pjgnbjv21zis-rustc-wrapper-1.79.0-man",
              "default": true
            },
            {
              "name": "doc",
              "path": "/nix/store/cpg037m1d5q0b977k8wxyg3dpkpgjp2l-rustc-wrapper-1.79.0-doc"
            }
          ],
          "store_path": "/nix/store/b4i6dzpsc86941sz7m1cgjfmnhzb0ma7-rustc-wrapper-1.79.0"
        },
        "x86_64-linux": {
          "outputs": [
            {
              "name": "out",
              "path": "/nix/store/bjlim8ikd7rysx0l737ryf90gif9pfqg-rustc-wrapper-1.79.0",
              "default": true
            },
            {
              "name": "man",
              "path": "/nix/store/bsnyiwd6g58735mgblc7p8wjnibvf3vl-rustc-wrapper-1.79.0-man",
              "default": true
            },
            {
              "name": "doc",
              "path": "/nix/store/920wdx62hyzhfh4ndmy4g7gn3jpvpil5-rustc-wrapper-1.79.0-doc"
            }
          ],
          "store_path": "/nix/store/bjlim8ikd7rysx0l737ryf90gif9pfqg-rustc-wrapper-1.79.0"
        }
      }
    }
  }
}
